
Microsoft Visual Studio Solution File, Format Version 12.00
# Visual Studio Version 17
VisualStudioVersion = 17.1.32421.90
MinimumVisualStudioVersion = 10.0.40219.1
Project("{FAE04EC0-301F-11D3-BF4B-00C04F79EFBC}") = "FoodCourtManagement", "FoodCourtManagement.csproj", "{3AF56842-F913-40C9-A282-85EAD1E917D3}"
EndProject
Global
	GlobalSection(SolutionConfigurationPlatforms) = preSolution
		Debug|Any CPU = Debug|Any CPU
		Release|Any CPU = Release|Any CPU
	EndGlobalSection
	GlobalSection(ProjectConfigurationPlatforms) = postSolution
		{3AF56842-F913-40C9-A282-85EAD1E917D3}.Debug|Any CPU.ActiveCfg = Debug|Any CPU
		{3AF56842-F913-40C9-A282-85EAD1E917D3}.Debug|Any CPU.Build.0 = Debug|Any CPU
		{3AF56842-F913-40C9-A282-85EAD1E917D3}.Release|Any CPU.ActiveCfg = Release|Any CPU
		{3AF56842-F913-40C9-A282-85EAD1E917D3}.Release|Any CPU.Build.0 = Release|Any CPU
	EndGlobalSection
	GlobalSection(SolutionProperties) = preSolution
		HideSolutionNode = FALSE
	EndGlobalSection
	GlobalSection(ExtensibilityGlobals) = postSolution
		SolutionGuid = {4484ACBB-8070-47BF-A33C-4921E5F86DEA}
	EndGlobalSection
EndGlobal
